
Microsoft Visual Studio Solution File, Format Version 12.00
# Visual Studio Version 17
VisualStudioVersion = 17.2.32630.192
MinimumVisualStudioVersion = 10.0.40219.1
Project("{9A19103F-16F7-4668-BE54-9A1E7A4F7556}") = "tech-test-payment-api", "tech-test-payment-api.csproj", "{42BAED90-AB54-4A22-86AB-05CAE65612F0}"
EndProject
Global
	GlobalSection(SolutionConfigurationPlatforms) = preSolution
		Debug|Any CPU = Debug|Any CPU
		Release|Any CPU = Release|Any CPU
	EndGlobalSection
	GlobalSection(ProjectConfigurationPlatforms) = postSolution
		{42BAED90-AB54-4A22-86AB-05CAE65612F0}.Debug|Any CPU.ActiveCfg = Debug|Any CPU
		{42BAED90-AB54-4A22-86AB-05CAE65612F0}.Debug|Any CPU.Build.0 = Debug|Any CPU
		{42BAED90-AB54-4A22-86AB-05CAE65612F0}.Release|Any CPU.ActiveCfg = Release|Any CPU
		{42BAED90-AB54-4A22-86AB-05CAE65612F0}.Release|Any CPU.Build.0 = Release|Any CPU
	EndGlobalSection
	GlobalSection(SolutionProperties) = preSolution
		HideSolutionNode = FALSE
	EndGlobalSection
	GlobalSection(ExtensibilityGlobals) = postSolution
		SolutionGuid = {8D3A1C31-3AD2-4F9A-B8AE-CD2F8BE8692C}
	EndGlobalSection
EndGlobal
